
Microsoft Visual Studio Solution File, Format Version 12.00
# Visual Studio Version 17
VisualStudioVersion = 17.2.32516.85
MinimumVisualStudioVersion = 10.0.40219.1
Project("{FAE04EC0-301F-11D3-BF4B-00C04F79EFBC}") = "SendEmail_Project", "SendEmail_Project.csproj", "{75B7FE08-7530-4B82-8D99-732AC3EED16B}"
EndProject
Global
	GlobalSection(SolutionConfigurationPlatforms) = preSolution
		Debug|Any CPU = Debug|Any CPU
		Release|Any CPU = Release|Any CPU
	EndGlobalSection
	GlobalSection(ProjectConfigurationPlatforms) = postSolution
		{75B7FE08-7530-4B82-8D99-732AC3EED16B}.Debug|Any CPU.ActiveCfg = Debug|Any CPU
		{75B7FE08-7530-4B82-8D99-732AC3EED16B}.Debug|Any CPU.Build.0 = Debug|Any CPU
		{75B7FE08-7530-4B82-8D99-732AC3EED16B}.Release|Any CPU.ActiveCfg = Release|Any CPU
		{75B7FE08-7530-4B82-8D99-732AC3EED16B}.Release|Any CPU.Build.0 = Release|Any CPU
	EndGlobalSection
	GlobalSection(SolutionProperties) = preSolution
		HideSolutionNode = FALSE
	EndGlobalSection
	GlobalSection(ExtensibilityGlobals) = postSolution
		SolutionGuid = {2CA4C2FB-38D4-48C8-A954-FDC3D4963975}
	EndGlobalSection
EndGlobal
